
Microsoft Visual Studio Solution File, Format Version 12.00
# Visual Studio Version 17
VisualStudioVersion = 17.5.33530.505
MinimumVisualStudioVersion = 10.0.40219.1
Project("{FAE04EC0-301F-11D3-BF4B-00C04F79EFBC}") = "helper", "helper\helper.csproj", "{6FB79412-D182-4D78-8911-F1CEA0B7B8CF}"
EndProject
Global
	GlobalSection(SolutionConfigurationPlatforms) = preSolution
		Debug|Any CPU = Debug|Any CPU
		Release|Any CPU = Release|Any CPU
	EndGlobalSection
	GlobalSection(ProjectConfigurationPlatforms) = postSolution
		{6FB79412-D182-4D78-8911-F1CEA0B7B8CF}.Debug|Any CPU.ActiveCfg = Debug|Any CPU
		{6FB79412-D182-4D78-8911-F1CEA0B7B8CF}.Debug|Any CPU.Build.0 = Debug|Any CPU
		{6FB79412-D182-4D78-8911-F1CEA0B7B8CF}.Release|Any CPU.ActiveCfg = Release|Any CPU
		{6FB79412-D182-4D78-8911-F1CEA0B7B8CF}.Release|Any CPU.Build.0 = Release|Any CPU
	EndGlobalSection
	GlobalSection(SolutionProperties) = preSolution
		HideSolutionNode = FALSE
	EndGlobalSection
	GlobalSection(ExtensibilityGlobals) = postSolution
		SolutionGuid = {D81C6282-293F-43E9-A030-1575487DE5FC}
	EndGlobalSection
EndGlobal
